
Microsoft Visual Studio Solution File, Format Version 12.00
# Visual Studio Version 17
VisualStudioVersion = 17.9.34616.47
MinimumVisualStudioVersion = 10.0.40219.1
Project("{2150E333-8FDC-42A3-9474-1A3956D46DE8}") = "src", "src", "{AD482B1B-4280-4EDF-9892-301C32C8DBEB}"
EndProject
Project("{2150E333-8FDC-42A3-9474-1A3956D46DE8}") = "test", "test", "{AB2245C5-72D6-410E-AB95-FB3644DA1792}"
EndProject
Project("{2150E333-8FDC-42A3-9474-1A3956D46DE8}") = "Core", "Core", "{431E79F5-DCE1-4F81-AD3D-D7078C91A54D}"
EndProject
Project("{2150E333-8FDC-42A3-9474-1A3956D46DE8}") = "Infrastructure", "Infrastructure", "{79B4C69E-D7F2-4334-92B9-F04067258EDC}"
EndProject
Project("{2150E333-8FDC-42A3-9474-1A3956D46DE8}") = "Presentation", "Presentation", "{B5AB5774-4D63-41BA-A1C0-A2E812707C15}"
EndProject
Project("{FAE04EC0-301F-11D3-BF4B-00C04F79EFBC}") = "Hackaton.Application", "Hackaton.Application\Hackaton.Application.csproj", "{62FAC98A-FBB6-4E4F-A0E5-57FFB64766AA}"
EndProject
Project("{FAE04EC0-301F-11D3-BF4B-00C04F79EFBC}") = "Hackaton.Domain", "Hackaton.Domain\Hackaton.Domain.csproj", "{B11BA461-484B-4365-9ADF-58F417C78A46}"
EndProject
Project("{FAE04EC0-301F-11D3-BF4B-00C04F79EFBC}") = "Hackaton.Persistence", "Hackaton.Persistence\Hackaton.Persistence.csproj", "{AB29E1DF-A863-43F4-B97A-4D3B6711F4CA}"
EndProject
Project("{FAE04EC0-301F-11D3-BF4B-00C04F79EFBC}") = "Hackaton.API", "Hackaton.API\Hackaton.API.csproj", "{AB8F06D2-DDD7-45E1-9397-E90CA2151304}"
EndProject
Project("{FAE04EC0-301F-11D3-BF4B-00C04F79EFBC}") = "Hackaton.Infrastructure", "Hackaton.Infrastructure\Hackaton.Infrastructure.csproj", "{67A21B5D-0733-42B7-B51C-0E52B156EDF0}"
EndProject
Project("{FAE04EC0-301F-11D3-BF4B-00C04F79EFBC}") = "Hackaton.Application.Tests", "Hackaton.Application.Tests\Hackaton.Application.Tests.csproj", "{D456F2F1-E2A3-4625-9942-79F6939946A3}"
EndProject
Project("{2150E333-8FDC-42A3-9474-1A3956D46DE8}") = "Solution Items", "Solution Items", "{F4DC8B53-C01E-4B15-9F27-1D084AD10045}"
	ProjectSection(SolutionItems) = preProject
		README.md = README.md
	EndProjectSection
EndProject
Global
	GlobalSection(SolutionConfigurationPlatforms) = preSolution
		Debug|Any CPU = Debug|Any CPU
		Release|Any CPU = Release|Any CPU
	EndGlobalSection
	GlobalSection(ProjectConfigurationPlatforms) = postSolution
		{62FAC98A-FBB6-4E4F-A0E5-57FFB64766AA}.Debug|Any CPU.ActiveCfg = Debug|Any CPU
		{62FAC98A-FBB6-4E4F-A0E5-57FFB64766AA}.Debug|Any CPU.Build.0 = Debug|Any CPU
		{62FAC98A-FBB6-4E4F-A0E5-57FFB64766AA}.Release|Any CPU.ActiveCfg = Release|Any CPU
		{62FAC98A-FBB6-4E4F-A0E5-57FFB64766AA}.Release|Any CPU.Build.0 = Release|Any CPU
		{B11BA461-484B-4365-9ADF-58F417C78A46}.Debug|Any CPU.ActiveCfg = Debug|Any CPU
		{B11BA461-484B-4365-9ADF-58F417C78A46}.Debug|Any CPU.Build.0 = Debug|Any CPU
		{B11BA461-484B-4365-9ADF-58F417C78A46}.Release|Any CPU.ActiveCfg = Release|Any CPU
		{B11BA461-484B-4365-9ADF-58F417C78A46}.Release|Any CPU.Build.0 = Release|Any CPU
		{AB29E1DF-A863-43F4-B97A-4D3B6711F4CA}.Debug|Any CPU.ActiveCfg = Debug|Any CPU
		{AB29E1DF-A863-43F4-B97A-4D3B6711F4CA}.Debug|Any CPU.Build.0 = Debug|Any CPU
		{AB29E1DF-A863-43F4-B97A-4D3B6711F4CA}.Release|Any CPU.ActiveCfg = Release|Any CPU
		{AB29E1DF-A863-43F4-B97A-4D3B6711F4CA}.Release|Any CPU.Build.0 = Release|Any CPU
		{AB8F06D2-DDD7-45E1-9397-E90CA2151304}.Debug|Any CPU.ActiveCfg = Debug|Any CPU
		{AB8F06D2-DDD7-45E1-9397-E90CA2151304}.Debug|Any CPU.Build.0 = Debug|Any CPU
		{AB8F06D2-DDD7-45E1-9397-E90CA2151304}.Release|Any CPU.ActiveCfg = Release|Any CPU
		{AB8F06D2-DDD7-45E1-9397-E90CA2151304}.Release|Any CPU.Build.0 = Release|Any CPU
		{67A21B5D-0733-42B7-B51C-0E52B156EDF0}.Debug|Any CPU.ActiveCfg = Debug|Any CPU
		{67A21B5D-0733-42B7-B51C-0E52B156EDF0}.Debug|Any CPU.Build.0 = Debug|Any CPU
		{67A21B5D-0733-42B7-B51C-0E52B156EDF0}.Release|Any CPU.ActiveCfg = Release|Any CPU
		{67A21B5D-0733-42B7-B51C-0E52B156EDF0}.Release|Any CPU.Build.0 = Release|Any CPU
		{D456F2F1-E2A3-4625-9942-79F6939946A3}.Debug|Any CPU.ActiveCfg = Debug|Any CPU
		{D456F2F1-E2A3-4625-9942-79F6939946A3}.Debug|Any CPU.Build.0 = Debug|Any CPU
		{D456F2F1-E2A3-4625-9942-79F6939946A3}.Release|Any CPU.ActiveCfg = Release|Any CPU
		{D456F2F1-E2A3-4625-9942-79F6939946A3}.Release|Any CPU.Build.0 = Release|Any CPU
	EndGlobalSection
	GlobalSection(SolutionProperties) = preSolution
		HideSolutionNode = FALSE
	EndGlobalSection
	GlobalSection(NestedProjects) = preSolution
		{431E79F5-DCE1-4F81-AD3D-D7078C91A54D} = {AD482B1B-4280-4EDF-9892-301C32C8DBEB}
		{79B4C69E-D7F2-4334-92B9-F04067258EDC} = {AD482B1B-4280-4EDF-9892-301C32C8DBEB}
		{B5AB5774-4D63-41BA-A1C0-A2E812707C15} = {AD482B1B-4280-4EDF-9892-301C32C8DBEB}
		{62FAC98A-FBB6-4E4F-A0E5-57FFB64766AA} = {431E79F5-DCE1-4F81-AD3D-D7078C91A54D}
		{B11BA461-484B-4365-9ADF-58F417C78A46} = {431E79F5-DCE1-4F81-AD3D-D7078C91A54D}
		{AB29E1DF-A863-43F4-B97A-4D3B6711F4CA} = {79B4C69E-D7F2-4334-92B9-F04067258EDC}
		{AB8F06D2-DDD7-45E1-9397-E90CA2151304} = {B5AB5774-4D63-41BA-A1C0-A2E812707C15}
		{67A21B5D-0733-42B7-B51C-0E52B156EDF0} = {79B4C69E-D7F2-4334-92B9-F04067258EDC}
		{D456F2F1-E2A3-4625-9942-79F6939946A3} = {AB2245C5-72D6-410E-AB95-FB3644DA1792}
	EndGlobalSection
	GlobalSection(ExtensibilityGlobals) = postSolution
		SolutionGuid = {B90B809E-EA8A-4D01-A04E-E354BDBBBE52}
	EndGlobalSection
EndGlobal
